
Microsoft Visual Studio Solution File, Format Version 12.00
# Visual Studio Version 17
VisualStudioVersion = 17.8.34330.188
MinimumVisualStudioVersion = 10.0.40219.1
Project("{2150E333-8FDC-42A3-9474-1A3956D46DE8}") = "Libraries", "Libraries", "{B0D258E8-B2DF-443B-954C-ED1974A11523}"
EndProject
Project("{2150E333-8FDC-42A3-9474-1A3956D46DE8}") = "Deployments", "Deployments", "{3A0D7E33-99EA-4AE0-A954-C59B49985DA3}"
EndProject
Project("{9A19103F-16F7-4668-BE54-9A1E7A4F7556}") = "App.Server", "Source\Deployments\App.Server\App.Server.csproj", "{11A81108-C070-4C1B-A42E-6C303E57E404}"
EndProject
Project("{9A19103F-16F7-4668-BE54-9A1E7A4F7556}") = "App.Client", "Source\Deployments\App.Client\App.Client.csproj", "{B67E10F8-9E44-4CFD-961F-D422C80ADEAA}"
EndProject
Project("{9A19103F-16F7-4668-BE54-9A1E7A4F7556}") = "Blazr.API", "Source\Libraries\Blazr.API\Blazr.API.csproj", "{56A96CA6-18B5-4AA3-9AD0-D73FD9793ABA}"
EndProject
Project("{2150E333-8FDC-42A3-9474-1A3956D46DE8}") = "Solution Items", "Solution Items", "{DD253EBE-148B-4496-9269-E5DE21C1E5F2}"
	ProjectSection(SolutionItems) = preProject
		Interactivity.md = Interactivity.md
		OverView.md = OverView.md
		readme.md = readme.md
	EndProjectSection
EndProject
Project("{2150E333-8FDC-42A3-9474-1A3956D46DE8}") = "LocalInteractivity", "LocalInteractivity", "{8857A8FA-C929-419E-B145-C7EB2C379BDA}"
EndProject
Project("{2150E333-8FDC-42A3-9474-1A3956D46DE8}") = "GlobalAuto", "GlobalAuto", "{197364A3-8323-42F1-AFEA-4A0221D8C4C8}"
EndProject
Project("{9A19103F-16F7-4668-BE54-9A1E7A4F7556}") = "Blazr.OneWayStreet", "Source\Libraries\Blazr.OneWayStreet\Blazr.OneWayStreet.csproj", "{1C0FA1A6-7E6C-492D-93A6-E5B6D98EE737}"
EndProject
Project("{9A19103F-16F7-4668-BE54-9A1E7A4F7556}") = "App.UI", "Source\Deployments\App.UI\App.UI.csproj", "{7E9015E8-F41C-4C3F-8156-55C277AC60D8}"
EndProject
Project("{9A19103F-16F7-4668-BE54-9A1E7A4F7556}") = "Blazr.App.Core", "Source\Libraries\Blazr.App.Core\Blazr.App.Core.csproj", "{A2924EA2-A9CE-4AB5-9553-10FE1A158A0A}"
EndProject
Project("{FAE04EC0-301F-11D3-BF4B-00C04F79EFBC}") = "Blazr.OneWayStreet.Server", "Source\Libraries\Blazr.OneWayStreet.Server\Blazr.OneWayStreet.Server.csproj", "{3BA5C79F-8A80-476B-BD23-6462B8641AD9}"
EndProject
Project("{9A19103F-16F7-4668-BE54-9A1E7A4F7556}") = "Blazr.App.Infrastructure.Server", "Source\Libraries\Blazr.App.Infrastructure.Server\Blazr.App.Infrastructure.Server.csproj", "{00834510-708B-49FE-A7E7-101BC11085A0}"
EndProject
Project("{9A19103F-16F7-4668-BE54-9A1E7A4F7556}") = "Blazr.App.Infrastructure", "Source\Libraries\Blazr.App.Infrastructure\Blazr.App.Infrastructure.csproj", "{1A69FF2D-81D6-4028-87D8-1FA98D5E975C}"
EndProject
Project("{9A19103F-16F7-4668-BE54-9A1E7A4F7556}") = "Blazr.UI.Common", "Source\Libraries\Blazr.UI.Common\Blazr.UI.Common.csproj", "{C2E51B9D-D42D-456E-BCE8-54FC0D8013A8}"
EndProject
Project("{9A19103F-16F7-4668-BE54-9A1E7A4F7556}") = "Blazr.Flux", "Source\Libraries\Blazr.Flux\Blazr.Flux.csproj", "{A7ABC4D4-0378-4897-8621-6CF799207DEC}"
EndProject
Global
	GlobalSection(SolutionConfigurationPlatforms) = preSolution
		Debug|Any CPU = Debug|Any CPU
		Release|Any CPU = Release|Any CPU
	EndGlobalSection
	GlobalSection(ProjectConfigurationPlatforms) = postSolution
		{11A81108-C070-4C1B-A42E-6C303E57E404}.Debug|Any CPU.ActiveCfg = Debug|Any CPU
		{11A81108-C070-4C1B-A42E-6C303E57E404}.Debug|Any CPU.Build.0 = Debug|Any CPU
		{11A81108-C070-4C1B-A42E-6C303E57E404}.Release|Any CPU.ActiveCfg = Release|Any CPU
		{11A81108-C070-4C1B-A42E-6C303E57E404}.Release|Any CPU.Build.0 = Release|Any CPU
		{B67E10F8-9E44-4CFD-961F-D422C80ADEAA}.Debug|Any CPU.ActiveCfg = Debug|Any CPU
		{B67E10F8-9E44-4CFD-961F-D422C80ADEAA}.Debug|Any CPU.Build.0 = Debug|Any CPU
		{B67E10F8-9E44-4CFD-961F-D422C80ADEAA}.Release|Any CPU.ActiveCfg = Release|Any CPU
		{B67E10F8-9E44-4CFD-961F-D422C80ADEAA}.Release|Any CPU.Build.0 = Release|Any CPU
		{56A96CA6-18B5-4AA3-9AD0-D73FD9793ABA}.Debug|Any CPU.ActiveCfg = Debug|Any CPU
		{56A96CA6-18B5-4AA3-9AD0-D73FD9793ABA}.Debug|Any CPU.Build.0 = Debug|Any CPU
		{56A96CA6-18B5-4AA3-9AD0-D73FD9793ABA}.Release|Any CPU.ActiveCfg = Release|Any CPU
		{56A96CA6-18B5-4AA3-9AD0-D73FD9793ABA}.Release|Any CPU.Build.0 = Release|Any CPU
		{1C0FA1A6-7E6C-492D-93A6-E5B6D98EE737}.Debug|Any CPU.ActiveCfg = Debug|Any CPU
		{1C0FA1A6-7E6C-492D-93A6-E5B6D98EE737}.Debug|Any CPU.Build.0 = Debug|Any CPU
		{1C0FA1A6-7E6C-492D-93A6-E5B6D98EE737}.Release|Any CPU.ActiveCfg = Release|Any CPU
		{1C0FA1A6-7E6C-492D-93A6-E5B6D98EE737}.Release|Any CPU.Build.0 = Release|Any CPU
		{7E9015E8-F41C-4C3F-8156-55C277AC60D8}.Debug|Any CPU.ActiveCfg = Debug|Any CPU
		{7E9015E8-F41C-4C3F-8156-55C277AC60D8}.Debug|Any CPU.Build.0 = Debug|Any CPU
		{7E9015E8-F41C-4C3F-8156-55C277AC60D8}.Release|Any CPU.ActiveCfg = Release|Any CPU
		{7E9015E8-F41C-4C3F-8156-55C277AC60D8}.Release|Any CPU.Build.0 = Release|Any CPU
		{A2924EA2-A9CE-4AB5-9553-10FE1A158A0A}.Debug|Any CPU.ActiveCfg = Debug|Any CPU
		{A2924EA2-A9CE-4AB5-9553-10FE1A158A0A}.Debug|Any CPU.Build.0 = Debug|Any CPU
		{A2924EA2-A9CE-4AB5-9553-10FE1A158A0A}.Release|Any CPU.ActiveCfg = Release|Any CPU
		{A2924EA2-A9CE-4AB5-9553-10FE1A158A0A}.Release|Any CPU.Build.0 = Release|Any CPU
		{3BA5C79F-8A80-476B-BD23-6462B8641AD9}.Debug|Any CPU.ActiveCfg = Debug|Any CPU
		{3BA5C79F-8A80-476B-BD23-6462B8641AD9}.Debug|Any CPU.Build.0 = Debug|Any CPU
		{3BA5C79F-8A80-476B-BD23-6462B8641AD9}.Release|Any CPU.ActiveCfg = Release|Any CPU
		{3BA5C79F-8A80-476B-BD23-6462B8641AD9}.Release|Any CPU.Build.0 = Release|Any CPU
		{00834510-708B-49FE-A7E7-101BC11085A0}.Debug|Any CPU.ActiveCfg = Debug|Any CPU
		{00834510-708B-49FE-A7E7-101BC11085A0}.Debug|Any CPU.Build.0 = Debug|Any CPU
		{00834510-708B-49FE-A7E7-101BC11085A0}.Release|Any CPU.ActiveCfg = Release|Any CPU
		{00834510-708B-49FE-A7E7-101BC11085A0}.Release|Any CPU.Build.0 = Release|Any CPU
		{1A69FF2D-81D6-4028-87D8-1FA98D5E975C}.Debug|Any CPU.ActiveCfg = Debug|Any CPU
		{1A69FF2D-81D6-4028-87D8-1FA98D5E975C}.Debug|Any CPU.Build.0 = Debug|Any CPU
		{1A69FF2D-81D6-4028-87D8-1FA98D5E975C}.Release|Any CPU.ActiveCfg = Release|Any CPU
		{1A69FF2D-81D6-4028-87D8-1FA98D5E975C}.Release|Any CPU.Build.0 = Release|Any CPU
		{C2E51B9D-D42D-456E-BCE8-54FC0D8013A8}.Debug|Any CPU.ActiveCfg = Debug|Any CPU
		{C2E51B9D-D42D-456E-BCE8-54FC0D8013A8}.Debug|Any CPU.Build.0 = Debug|Any CPU
		{C2E51B9D-D42D-456E-BCE8-54FC0D8013A8}.Release|Any CPU.ActiveCfg = Release|Any CPU
		{C2E51B9D-D42D-456E-BCE8-54FC0D8013A8}.Release|Any CPU.Build.0 = Release|Any CPU
		{A7ABC4D4-0378-4897-8621-6CF799207DEC}.Debug|Any CPU.ActiveCfg = Debug|Any CPU
		{A7ABC4D4-0378-4897-8621-6CF799207DEC}.Debug|Any CPU.Build.0 = Debug|Any CPU
		{A7ABC4D4-0378-4897-8621-6CF799207DEC}.Release|Any CPU.ActiveCfg = Release|Any CPU
		{A7ABC4D4-0378-4897-8621-6CF799207DEC}.Release|Any CPU.Build.0 = Release|Any CPU
	EndGlobalSection
	GlobalSection(SolutionProperties) = preSolution
		HideSolutionNode = FALSE
	EndGlobalSection
	GlobalSection(NestedProjects) = preSolution
		{11A81108-C070-4C1B-A42E-6C303E57E404} = {3A0D7E33-99EA-4AE0-A954-C59B49985DA3}
		{B67E10F8-9E44-4CFD-961F-D422C80ADEAA} = {3A0D7E33-99EA-4AE0-A954-C59B49985DA3}
		{56A96CA6-18B5-4AA3-9AD0-D73FD9793ABA} = {B0D258E8-B2DF-443B-954C-ED1974A11523}
		{8857A8FA-C929-419E-B145-C7EB2C379BDA} = {3A0D7E33-99EA-4AE0-A954-C59B49985DA3}
		{197364A3-8323-42F1-AFEA-4A0221D8C4C8} = {3A0D7E33-99EA-4AE0-A954-C59B49985DA3}
		{1C0FA1A6-7E6C-492D-93A6-E5B6D98EE737} = {B0D258E8-B2DF-443B-954C-ED1974A11523}
		{7E9015E8-F41C-4C3F-8156-55C277AC60D8} = {3A0D7E33-99EA-4AE0-A954-C59B49985DA3}
		{A2924EA2-A9CE-4AB5-9553-10FE1A158A0A} = {B0D258E8-B2DF-443B-954C-ED1974A11523}
		{3BA5C79F-8A80-476B-BD23-6462B8641AD9} = {B0D258E8-B2DF-443B-954C-ED1974A11523}
		{00834510-708B-49FE-A7E7-101BC11085A0} = {B0D258E8-B2DF-443B-954C-ED1974A11523}
		{1A69FF2D-81D6-4028-87D8-1FA98D5E975C} = {B0D258E8-B2DF-443B-954C-ED1974A11523}
		{C2E51B9D-D42D-456E-BCE8-54FC0D8013A8} = {B0D258E8-B2DF-443B-954C-ED1974A11523}
		{A7ABC4D4-0378-4897-8621-6CF799207DEC} = {B0D258E8-B2DF-443B-954C-ED1974A11523}
	EndGlobalSection
	GlobalSection(ExtensibilityGlobals) = postSolution
		SolutionGuid = {913DAA5B-E6C5-46D7-9E6D-94E3638E4E96}
	EndGlobalSection
EndGlobal
